
Microsoft Visual Studio Solution File, Format Version 12.00
# Visual Studio 15
VisualStudioVersion = 15.0.28307.1525
MinimumVisualStudioVersion = 10.0.40219.1
Project("{F184B08F-C81C-45F6-A57F-5ABD9991F28F}") = "VRMLScheduler", "VRMLScheduler.vbproj", "{1B0990A2-554A-417E-AAD8-61050EA7B8AD}"
EndProject
Global
	GlobalSection(SolutionConfigurationPlatforms) = preSolution
		Debug|Any CPU = Debug|Any CPU
		Release|Any CPU = Release|Any CPU
	EndGlobalSection
	GlobalSection(ProjectConfigurationPlatforms) = postSolution
		{1B0990A2-554A-417E-AAD8-61050EA7B8AD}.Debug|Any CPU.ActiveCfg = Debug|Any CPU
		{1B0990A2-554A-417E-AAD8-61050EA7B8AD}.Debug|Any CPU.Build.0 = Debug|Any CPU
		{1B0990A2-554A-417E-AAD8-61050EA7B8AD}.Release|Any CPU.ActiveCfg = Release|Any CPU
		{1B0990A2-554A-417E-AAD8-61050EA7B8AD}.Release|Any CPU.Build.0 = Release|Any CPU
	EndGlobalSection
	GlobalSection(SolutionProperties) = preSolution
		HideSolutionNode = FALSE
	EndGlobalSection
	GlobalSection(ExtensibilityGlobals) = postSolution
		SolutionGuid = {D3000B61-5919-47D1-9452-5631975FA371}
	EndGlobalSection
EndGlobal
